{
  "pins" : [
    {
      "identity" : "alamofire",
      "kind" : "remoteSourceControl",
      "location" : "https://github.com/Alamofire/Alamofire.git",
      "state" : {
        "revision" : "8dd85aee02e39dd280c75eef88ffdb86eed4b07b",
        "version" : "5.6.2"
      }
    },
    {
      "identity" : "cache",
      "kind" : "remoteSourceControl",
      "location" : "https://github.com/hyperoslo/Cache.git",
      "state" : {
        "revision" : "c7f4d633049c3bd649a353bad36f6c17e9df085f",
        "version" : "6.0.0"
      }
    },
    {
      "identity" : "codescanner",
      "kind" : "remoteSourceControl",
      "location" : "https://github.com/twostraws/CodeScanner",
      "state" : {
        "revision" : "a2144ddaa7c43a6ee00873edd4cc7815ad97942f",
        "version" : "1.0.7"
      }
    },
    {
      "identity" : "defaultcodable",
      "kind" : "remoteSourceControl",
      "location" : "https://github.com/gonzalezreal/DefaultCodable",
      "state" : {
        "revision" : "b75cdb44b772cdd278ea0d029d3f079384b0d87d",
        "version" : "1.2.1"
      }
    },
    {
      "identity" : "keychain-swift",
      "kind" : "remoteSourceControl",
      "location" : "https://github.com/evgenyneu/keychain-swift",
      "state" : {
        "revision" : "d108a1fa6189e661f91560548ef48651ed8d93b9",
        "version" : "20.0.0"
      }
    },
    {
      "identity" : "swiftotp",
      "kind" : "remoteSourceControl",
      "location" : "https://github.com/TheNoim/SwiftOTP",
      "state" : {
        "branch" : "master",
        "revision" : "11f4743ebc7850245e5f0458bb2105f32237527e"
      }
    },
    {
      "identity" : "swiftybeaver",
      "kind" : "remoteSourceControl",
      "location" : "https://github.com/SwiftyBeaver/SwiftyBeaver.git",
      "state" : {
        "revision" : "12b5acf96d98f91d50de447369bd18df74600f1a",
        "version" : "1.9.6"
      }
    }
  ],
  "version" : 2
}
