{
  "object": {
    "pins": [
      {
        "package": "Alamofire",
        "repositoryURL": "https://github.com/Alamofire/Alamofire.git",
        "state": {
          "branch": null,
          "revision": "f96b619bcb2383b43d898402283924b80e2c4bae",
          "version": "5.4.3"
        }
      },
      {
        "package": "Cache",
        "repositoryURL": "https://github.com/hyperoslo/Cache.git",
        "state": {
          "branch": null,
          "revision": "c7f4d633049c3bd649a353bad36f6c17e9df085f",
          "version": "6.0.0"
        }
      },
      {
        "package": "CodeScanner",
        "repositoryURL": "https://github.com/twostraws/CodeScanner",
        "state": {
          "branch": null,
          "revision": "a2144ddaa7c43a6ee00873edd4cc7815ad97942f",
          "version": "1.0.7"
        }
      },
      {
        "package": "swift-crypto",
        "repositoryURL": "https://github.com/apple/swift-crypto.git",
        "state": {
          "branch": null,
          "revision": "3bea268b223651c4ab7b7b9ad62ef9b2d4143eb6",
          "version": "1.1.6"
        }
      },
      {
        "package": "SwiftOTP",
        "repositoryURL": "https://github.com/lachlanbell/SwiftOTP.git",
        "state": {
          "branch": null,
          "revision": "315acdb759083fd8f3c37b02fc021321c8934f9c",
          "version": "3.0.0"
        }
      },
      {
        "package": "SwiftyBeaver",
        "repositoryURL": "https://github.com/SwiftyBeaver/SwiftyBeaver.git",
        "state": {
          "branch": null,
          "revision": "5cfd6888447adcc49b80b625281b6177104f011f",
          "version": "1.9.4"
        }
      }
    ]
  },
  "version": 1
}
